
Microsoft Visual Studio Solution File, Format Version 12.00
# Visual Studio Version 17
VisualStudioVersion = 17.3.32804.467
MinimumVisualStudioVersion = 10.0.40219.1
Project("{9A19103F-16F7-4668-BE54-9A1E7A4F7556}") = "DataPolling", "DataPolling\DataPolling.csproj", "{E1B2E5B1-8CEC-491C-BF51-35CA9C9548DC}"
EndProject
Project("{9A19103F-16F7-4668-BE54-9A1E7A4F7556}") = "BettingAPI", "BettingAPI\BettingAPI.csproj", "{A54B932B-C48F-41E2-B119-56D11394F17F}"
EndProject
Project("{9A19103F-16F7-4668-BE54-9A1E7A4F7556}") = "Core", "Core\Core.csproj", "{3A214069-2896-4AEF-B353-252B20DF925E}"
EndProject
Project("{9A19103F-16F7-4668-BE54-9A1E7A4F7556}") = "Infrastructure", "Infrastructure\Infrastructure.csproj", "{C27236A9-F9D5-45DE-A5EF-C2295754B860}"
	ProjectSection(ProjectDependencies) = postProject
		{3A214069-2896-4AEF-B353-252B20DF925E} = {3A214069-2896-4AEF-B353-252B20DF925E}
	EndProjectSection
EndProject
Project("{9A19103F-16F7-4668-BE54-9A1E7A4F7556}") = "UI", "UI\UI.csproj", "{EC15E86B-DA82-45EE-B598-324291D51558}"
EndProject
Project("{9A19103F-16F7-4668-BE54-9A1E7A4F7556}") = "Validation", "Validation\Validation.csproj", "{A6D883B4-1276-4959-9E63-5D5C57FDFAC4}"
EndProject
Global
	GlobalSection(SolutionConfigurationPlatforms) = preSolution
		Debug|Any CPU = Debug|Any CPU
		Release|Any CPU = Release|Any CPU
	EndGlobalSection
	GlobalSection(ProjectConfigurationPlatforms) = postSolution
		{E1B2E5B1-8CEC-491C-BF51-35CA9C9548DC}.Debug|Any CPU.ActiveCfg = Debug|Any CPU
		{E1B2E5B1-8CEC-491C-BF51-35CA9C9548DC}.Debug|Any CPU.Build.0 = Debug|Any CPU
		{E1B2E5B1-8CEC-491C-BF51-35CA9C9548DC}.Release|Any CPU.ActiveCfg = Release|Any CPU
		{E1B2E5B1-8CEC-491C-BF51-35CA9C9548DC}.Release|Any CPU.Build.0 = Release|Any CPU
		{A54B932B-C48F-41E2-B119-56D11394F17F}.Debug|Any CPU.ActiveCfg = Debug|Any CPU
		{A54B932B-C48F-41E2-B119-56D11394F17F}.Debug|Any CPU.Build.0 = Debug|Any CPU
		{A54B932B-C48F-41E2-B119-56D11394F17F}.Release|Any CPU.ActiveCfg = Release|Any CPU
		{A54B932B-C48F-41E2-B119-56D11394F17F}.Release|Any CPU.Build.0 = Release|Any CPU
		{3A214069-2896-4AEF-B353-252B20DF925E}.Debug|Any CPU.ActiveCfg = Debug|Any CPU
		{3A214069-2896-4AEF-B353-252B20DF925E}.Debug|Any CPU.Build.0 = Debug|Any CPU
		{3A214069-2896-4AEF-B353-252B20DF925E}.Release|Any CPU.ActiveCfg = Release|Any CPU
		{3A214069-2896-4AEF-B353-252B20DF925E}.Release|Any CPU.Build.0 = Release|Any CPU
		{C27236A9-F9D5-45DE-A5EF-C2295754B860}.Debug|Any CPU.ActiveCfg = Debug|Any CPU
		{C27236A9-F9D5-45DE-A5EF-C2295754B860}.Debug|Any CPU.Build.0 = Debug|Any CPU
		{C27236A9-F9D5-45DE-A5EF-C2295754B860}.Release|Any CPU.ActiveCfg = Release|Any CPU
		{C27236A9-F9D5-45DE-A5EF-C2295754B860}.Release|Any CPU.Build.0 = Release|Any CPU
		{EC15E86B-DA82-45EE-B598-324291D51558}.Debug|Any CPU.ActiveCfg = Debug|Any CPU
		{EC15E86B-DA82-45EE-B598-324291D51558}.Debug|Any CPU.Build.0 = Debug|Any CPU
		{EC15E86B-DA82-45EE-B598-324291D51558}.Release|Any CPU.ActiveCfg = Release|Any CPU
		{EC15E86B-DA82-45EE-B598-324291D51558}.Release|Any CPU.Build.0 = Release|Any CPU
		{A6D883B4-1276-4959-9E63-5D5C57FDFAC4}.Debug|Any CPU.ActiveCfg = Debug|Any CPU
		{A6D883B4-1276-4959-9E63-5D5C57FDFAC4}.Debug|Any CPU.Build.0 = Debug|Any CPU
		{A6D883B4-1276-4959-9E63-5D5C57FDFAC4}.Release|Any CPU.ActiveCfg = Release|Any CPU
		{A6D883B4-1276-4959-9E63-5D5C57FDFAC4}.Release|Any CPU.Build.0 = Release|Any CPU
	EndGlobalSection
	GlobalSection(SolutionProperties) = preSolution
		HideSolutionNode = FALSE
	EndGlobalSection
	GlobalSection(ExtensibilityGlobals) = postSolution
		SolutionGuid = {EA0C326D-3B71-4187-A200-3919D9A2F415}
	EndGlobalSection
EndGlobal
